
Microsoft Visual Studio Solution File, Format Version 12.00
# Visual Studio Version 17
VisualStudioVersion = 17.14.37301.10 d17.14
MinimumVisualStudioVersion = 10.0.40219.1
Project("{FAE04EC0-301F-11D3-BF4B-00C04F79EFBC}") = "FudbalZa3Denari", "FudbalZa3Denari\FudbalZa3Denari.csproj", "{6822427F-4BF5-4409-8186-92BC9C1F936B}"
EndProject
Global
	GlobalSection(SolutionConfigurationPlatforms) = preSolution
		Debug|Any CPU = Debug|Any CPU
		Release|Any CPU = Release|Any CPU
	EndGlobalSection
	GlobalSection(ProjectConfigurationPlatforms) = postSolution
		{6822427F-4BF5-4409-8186-92BC9C1F936B}.Debug|Any CPU.ActiveCfg = Debug|Any CPU
		{6822427F-4BF5-4409-8186-92BC9C1F936B}.Debug|Any CPU.Build.0 = Debug|Any CPU
		{6822427F-4BF5-4409-8186-92BC9C1F936B}.Release|Any CPU.ActiveCfg = Release|Any CPU
		{6822427F-4BF5-4409-8186-92BC9C1F936B}.Release|Any CPU.Build.0 = Release|Any CPU
	EndGlobalSection
	GlobalSection(SolutionProperties) = preSolution
		HideSolutionNode = FALSE
	EndGlobalSection
	GlobalSection(ExtensibilityGlobals) = postSolution
		SolutionGuid = {45A9FB8E-FCA4-4E68-95B6-632F809F4225}
	EndGlobalSection
EndGlobal
